{
  "name": "@fantasyarcade/ready-memory-disk",
  "version": "1.0.0",
  "lockfileVersion": 1,
  "requires": true,
  "dependencies": {
    "@fantasyarcade/uint8array-utils": {
      "version": "1.0.0",
      "resolved": "https://registry.npmjs.org/@fantasyarcade/uint8array-utils/-/uint8array-utils-1.0.0.tgz",
      "integrity": "sha512-bSUR5BTn3oQeOXvBGFafVykpda5Lv2Y+RCmpbDBLhHB8JisPN4Efg+wDkHd4I2P0l/XLmKaizWpsrCuVAYaMOQ=="
    }
  }
}
